
Microsoft Visual Studio Solution File, Format Version 12.00
# Visual Studio Version 16
VisualStudioVersion = 16.0.29613.14
MinimumVisualStudioVersion = 10.0.40219.1
Project("{FAE04EC0-301F-11D3-BF4B-00C04F79EFBC}") = "Bai6", "Bai6.csproj", "{A7382E76-C96F-4648-B9F7-D53A86A1CEBA}"
EndProject
Global
	GlobalSection(SolutionConfigurationPlatforms) = preSolution
		Debug|Any CPU = Debug|Any CPU
		Release|Any CPU = Release|Any CPU
	EndGlobalSection
	GlobalSection(ProjectConfigurationPlatforms) = postSolution
		{A7382E76-C96F-4648-B9F7-D53A86A1CEBA}.Debug|Any CPU.ActiveCfg = Debug|Any CPU
		{A7382E76-C96F-4648-B9F7-D53A86A1CEBA}.Debug|Any CPU.Build.0 = Debug|Any CPU
		{A7382E76-C96F-4648-B9F7-D53A86A1CEBA}.Release|Any CPU.ActiveCfg = Release|Any CPU
		{A7382E76-C96F-4648-B9F7-D53A86A1CEBA}.Release|Any CPU.Build.0 = Release|Any CPU
	EndGlobalSection
	GlobalSection(SolutionProperties) = preSolution
		HideSolutionNode = FALSE
	EndGlobalSection
	GlobalSection(ExtensibilityGlobals) = postSolution
		SolutionGuid = {F73E98AB-DF2A-483E-9786-8029B1F02194}
	EndGlobalSection
EndGlobal
