
Microsoft Visual Studio Solution File, Format Version 12.00
# Visual Studio Version 16
VisualStudioVersion = 16.0.29613.14
MinimumVisualStudioVersion = 10.0.40219.1
Project("{FAE04EC0-301F-11D3-BF4B-00C04F79EFBC}") = "String", "String.csproj", "{A92CDA12-BC8C-4D91-AEB0-DBC3DB724750}"
EndProject
Global
	GlobalSection(SolutionConfigurationPlatforms) = preSolution
		Debug|Any CPU = Debug|Any CPU
		Release|Any CPU = Release|Any CPU
	EndGlobalSection
	GlobalSection(ProjectConfigurationPlatforms) = postSolution
		{A92CDA12-BC8C-4D91-AEB0-DBC3DB724750}.Debug|Any CPU.ActiveCfg = Debug|Any CPU
		{A92CDA12-BC8C-4D91-AEB0-DBC3DB724750}.Debug|Any CPU.Build.0 = Debug|Any CPU
		{A92CDA12-BC8C-4D91-AEB0-DBC3DB724750}.Release|Any CPU.ActiveCfg = Release|Any CPU
		{A92CDA12-BC8C-4D91-AEB0-DBC3DB724750}.Release|Any CPU.Build.0 = Release|Any CPU
	EndGlobalSection
	GlobalSection(SolutionProperties) = preSolution
		HideSolutionNode = FALSE
	EndGlobalSection
	GlobalSection(ExtensibilityGlobals) = postSolution
		SolutionGuid = {898BB528-D16B-4964-AD45-2894A06CF79B}
	EndGlobalSection
EndGlobal
