
Microsoft Visual Studio Solution File, Format Version 12.00
# Visual Studio Version 16
VisualStudioVersion = 16.0.29613.14
MinimumVisualStudioVersion = 10.0.40219.1
Project("{FAE04EC0-301F-11D3-BF4B-00C04F79EFBC}") = "Stack", "Stack.csproj", "{BF88CFE7-B3A3-4C1D-9861-430C99D01C5A}"
EndProject
Global
	GlobalSection(SolutionConfigurationPlatforms) = preSolution
		Debug|Any CPU = Debug|Any CPU
		Release|Any CPU = Release|Any CPU
	EndGlobalSection
	GlobalSection(ProjectConfigurationPlatforms) = postSolution
		{BF88CFE7-B3A3-4C1D-9861-430C99D01C5A}.Debug|Any CPU.ActiveCfg = Debug|Any CPU
		{BF88CFE7-B3A3-4C1D-9861-430C99D01C5A}.Debug|Any CPU.Build.0 = Debug|Any CPU
		{BF88CFE7-B3A3-4C1D-9861-430C99D01C5A}.Release|Any CPU.ActiveCfg = Release|Any CPU
		{BF88CFE7-B3A3-4C1D-9861-430C99D01C5A}.Release|Any CPU.Build.0 = Release|Any CPU
	EndGlobalSection
	GlobalSection(SolutionProperties) = preSolution
		HideSolutionNode = FALSE
	EndGlobalSection
	GlobalSection(ExtensibilityGlobals) = postSolution
		SolutionGuid = {6D7205D7-077E-422F-AC32-A38FE2086A36}
	EndGlobalSection
EndGlobal
