
Microsoft Visual Studio Solution File, Format Version 12.00
# Visual Studio Version 16
VisualStudioVersion = 16.0.29613.14
MinimumVisualStudioVersion = 10.0.40219.1
Project("{FAE04EC0-301F-11D3-BF4B-00C04F79EFBC}") = "QuanLySinhVien_Ver1.1", "QuanLySinhVien_Ver1.1.csproj", "{9BFC040E-95CC-4FCA-903F-8C976F2BF67B}"
EndProject
Global
	GlobalSection(SolutionConfigurationPlatforms) = preSolution
		Debug|Any CPU = Debug|Any CPU
		Release|Any CPU = Release|Any CPU
	EndGlobalSection
	GlobalSection(ProjectConfigurationPlatforms) = postSolution
		{9BFC040E-95CC-4FCA-903F-8C976F2BF67B}.Debug|Any CPU.ActiveCfg = Debug|Any CPU
		{9BFC040E-95CC-4FCA-903F-8C976F2BF67B}.Debug|Any CPU.Build.0 = Debug|Any CPU
		{9BFC040E-95CC-4FCA-903F-8C976F2BF67B}.Release|Any CPU.ActiveCfg = Release|Any CPU
		{9BFC040E-95CC-4FCA-903F-8C976F2BF67B}.Release|Any CPU.Build.0 = Release|Any CPU
	EndGlobalSection
	GlobalSection(SolutionProperties) = preSolution
		HideSolutionNode = FALSE
	EndGlobalSection
	GlobalSection(ExtensibilityGlobals) = postSolution
		SolutionGuid = {93E510F7-04F4-408F-ABFF-58A899ED0474}
	EndGlobalSection
EndGlobal
