
Microsoft Visual Studio Solution File, Format Version 12.00
# Visual Studio Version 16
VisualStudioVersion = 16.0.29613.14
MinimumVisualStudioVersion = 10.0.40219.1
Project("{FAE04EC0-301F-11D3-BF4B-00C04F79EFBC}") = "lab3", "lab3.csproj", "{DE8A737C-7792-420C-82EE-411553F3ECCF}"
EndProject
Global
	GlobalSection(SolutionConfigurationPlatforms) = preSolution
		Debug|Any CPU = Debug|Any CPU
		Release|Any CPU = Release|Any CPU
	EndGlobalSection
	GlobalSection(ProjectConfigurationPlatforms) = postSolution
		{DE8A737C-7792-420C-82EE-411553F3ECCF}.Debug|Any CPU.ActiveCfg = Debug|Any CPU
		{DE8A737C-7792-420C-82EE-411553F3ECCF}.Debug|Any CPU.Build.0 = Debug|Any CPU
		{DE8A737C-7792-420C-82EE-411553F3ECCF}.Release|Any CPU.ActiveCfg = Release|Any CPU
		{DE8A737C-7792-420C-82EE-411553F3ECCF}.Release|Any CPU.Build.0 = Release|Any CPU
	EndGlobalSection
	GlobalSection(SolutionProperties) = preSolution
		HideSolutionNode = FALSE
	EndGlobalSection
	GlobalSection(ExtensibilityGlobals) = postSolution
		SolutionGuid = {C6616A1A-CD0A-430A-839C-F5BB688D659C}
	EndGlobalSection
EndGlobal
